<?xml version="1.0" encoding="utf-8"?>
<Project ToolsVersion="4.0" xmlns="http://schemas.microsoft.com/developer/msbuild/2003">
  <ItemGroup>
    <Filter Include="Source Files">
      <UniqueIdentifier>{4FC737F1-C7A5-4376-A066-2A32D752A2FF}</UniqueIdentifier>
      <Extensions>c</Extensions>
    </Filter>
    <Filter Include="Header Files">
      <UniqueIdentifier>{93995380-89BD-4b04-88EB-625FBE52EBFB}</UniqueIdentifier>
      <Extensions>h</Extensions>
    </Filter>
    <Filter Include="Resource Files">
      <UniqueIdentifier>{67DA6AB6-F800-4c08-8B7A-83BB121AAD01}</UniqueIdentifier>
      <Extensions>rc;ico</Extensions>
    </Filter>
    <Filter Include="Tools">
      <UniqueIdentifier>{A5B6C7D8-1E2F-4A3B-9C0D-2F4E6A8B0C2E}</UniqueIdentifier>
    </Filter>
    <Filter Include="Docs">
      <UniqueIdentifier>{B6C7D8E9-2F3A-4B4C-8D1E-3A5B7C9D1E3F}</UniqueIdentifier>
    </Filter>
  </ItemGroup>
  <ItemGroup>
    <ClCompile Include="src\actions.c">
      <Filter>Source Files</Filter>
    </ClCompile>
    <ClCompile Include="src\combat.c">
      <Filter>Source Files</Filter>
    </ClCompile>
    <ClCompile Include="src\entry.c">
      <Filter>Source Files</Filter>
    </ClCompile>
    <ClCompile Include="src\main.c">
      <Filter>Source Files</Filter>
    </ClCompile>
    <ClCompile Include="src\menu.c">
      <Filter>Source Files</Filter>
    </ClCompile>
    <ClCompile Include="src\sound.c">
      <Filter>Source Files</Filter>
    </ClCompile>
    <ClCompile Include="src\util.c">
      <Filter>Source Files</Filter>
    </ClCompile>
    <ClCompile Include="src\world.c">
      <Filter>Source Files</Filter>
    </ClCompile>
  </ItemGroup>
  <ItemGroup>
    <ClInclude Include="src\actions.h">
      <Filter>Header Files</Filter>
    </ClInclude>
    <ClInclude Include="src\combat.h">
      <Filter>Header Files</Filter>
    </ClInclude>
    <ClInclude Include="src\gangland.h">
      <Filter>Header Files</Filter>
    </ClInclude>
    <ClInclude Include="src\main.h">
      <Filter>Header Files</Filter>
    </ClInclude>
    <ClInclude Include="src\menu.h">
      <Filter>Header Files</Filter>
    </ClInclude>
    <ClInclude Include="src\sound.h">
      <Filter>Header Files</Filter>
    </ClInclude>
    <ClInclude Include="src\util.h">
      <Filter>Header Files</Filter>
    </ClInclude>
    <ClInclude Include="src\world.h">
      <Filter>Header Files</Filter>
    </ClInclude>
  </ItemGroup>
  <ItemGroup>
    <ResourceCompile Include="res\gangland.rc">
      <Filter>Resource Files</Filter>
    </ResourceCompile>
    <Image Include="res\gangland.ico">
      <Filter>Resource Files</Filter>
    </Image>
  </ItemGroup>
  <ItemGroup>
    <None Include="tools\make_icon.ps1">
      <Filter>Tools</Filter>
    </None>
    <None Include="tools\make_testsave.c">
      <Filter>Tools</Filter>
    </None>
    <None Include="README.md">
      <Filter>Docs</Filter>
    </None>
    <None Include="gangland_features.md">
      <Filter>Docs</Filter>
    </None>
    <None Include="build.bat" />
  </ItemGroup>
</Project>
